
Microsoft Visual Studio Solution File, Format Version 12.00
# Visual Studio 15
Project("{FAE04EC0-301F-11D3-BF4B-00C04F79EFBC}") = "UnityEngine.UI", "UnityEngine.UI.csproj", "{96E9436B-0F9C-7BC8-DBF0-3798A70502F8}"
EndProject
Project("{FAE04EC0-301F-11D3-BF4B-00C04F79EFBC}") = "Assembly-CSharp", "Assembly-CSharp.csproj", "{147F1F13-DF0E-F4A2-EBA5-CF7B018A5EF1}"
EndProject
Project("{FAE04EC0-301F-11D3-BF4B-00C04F79EFBC}") = "UnityEditor.UI", "UnityEditor.UI.csproj", "{67885DFE-4FE8-292C-47A6-9263539660E3}"
EndProject
Project("{FAE04EC0-301F-11D3-BF4B-00C04F79EFBC}") = "Assembly-CSharp-Editor", "Assembly-CSharp-Editor.csproj", "{F75C8628-C500-7C01-5434-690030347DE5}"
EndProject
Global
	GlobalSection(SolutionConfigurationPlatforms) = preSolution
		Debug|Any CPU = Debug|Any CPU
		Release|Any CPU = Release|Any CPU
	EndGlobalSection
	GlobalSection(ProjectConfigurationPlatforms) = postSolution
		{96E9436B-0F9C-7BC8-DBF0-3798A70502F8}.Debug|Any CPU.ActiveCfg = Debug|Any CPU
		{96E9436B-0F9C-7BC8-DBF0-3798A70502F8}.Debug|Any CPU.Build.0 = Debug|Any CPU
		{96E9436B-0F9C-7BC8-DBF0-3798A70502F8}.Release|Any CPU.ActiveCfg = Release|Any CPU
		{96E9436B-0F9C-7BC8-DBF0-3798A70502F8}.Release|Any CPU.Build.0 = Release|Any CPU
		{147F1F13-DF0E-F4A2-EBA5-CF7B018A5EF1}.Debug|Any CPU.ActiveCfg = Debug|Any CPU
		{147F1F13-DF0E-F4A2-EBA5-CF7B018A5EF1}.Debug|Any CPU.Build.0 = Debug|Any CPU
		{147F1F13-DF0E-F4A2-EBA5-CF7B018A5EF1}.Release|Any CPU.ActiveCfg = Release|Any CPU
		{147F1F13-DF0E-F4A2-EBA5-CF7B018A5EF1}.Release|Any CPU.Build.0 = Release|Any CPU
		{67885DFE-4FE8-292C-47A6-9263539660E3}.Debug|Any CPU.ActiveCfg = Debug|Any CPU
		{67885DFE-4FE8-292C-47A6-9263539660E3}.Debug|Any CPU.Build.0 = Debug|Any CPU
		{67885DFE-4FE8-292C-47A6-9263539660E3}.Release|Any CPU.ActiveCfg = Release|Any CPU
		{67885DFE-4FE8-292C-47A6-9263539660E3}.Release|Any CPU.Build.0 = Release|Any CPU
		{F75C8628-C500-7C01-5434-690030347DE5}.Debug|Any CPU.ActiveCfg = Debug|Any CPU
		{F75C8628-C500-7C01-5434-690030347DE5}.Debug|Any CPU.Build.0 = Debug|Any CPU
		{F75C8628-C500-7C01-5434-690030347DE5}.Release|Any CPU.ActiveCfg = Release|Any CPU
		{F75C8628-C500-7C01-5434-690030347DE5}.Release|Any CPU.Build.0 = Release|Any CPU
	EndGlobalSection
	GlobalSection(SolutionProperties) = preSolution
		HideSolutionNode = FALSE
	EndGlobalSection
EndGlobal
